Microsoft Visual Studio Solution File, Format Version 12.00
# Visual Studio Version 17
VisualStudioVersion = 17.5.2.0
MinimumVisualStudioVersion = 10.0.40219.1
Project("{FAE04EC0-301F-11D3-BF4B-00C04F79EFBC}") = "IconGrid", "IconGrid.csproj", "{F37610EE-96B0-2946-D8CC-FA41D7454FF3}"
EndProject
Global
	GlobalSection(SolutionConfigurationPlatforms) = preSolution
		Debug|Any CPU = Debug|Any CPU
		Release|Any CPU = Release|Any CPU
	EndGlobalSection
	GlobalSection(ProjectConfigurationPlatforms) = postSolution
		{F37610EE-96B0-2946-D8CC-FA41D7454FF3}.Debug|Any CPU.ActiveCfg = Debug|Any CPU
		{F37610EE-96B0-2946-D8CC-FA41D7454FF3}.Debug|Any CPU.Build.0 = Debug|Any CPU
		{F37610EE-96B0-2946-D8CC-FA41D7454FF3}.Release|Any CPU.ActiveCfg = Release|Any CPU
		{F37610EE-96B0-2946-D8CC-FA41D7454FF3}.Release|Any CPU.Build.0 = Release|Any CPU
	EndGlobalSection
	GlobalSection(SolutionProperties) = preSolution
		HideSolutionNode = FALSE
	EndGlobalSection
	GlobalSection(ExtensibilityGlobals) = postSolution
		SolutionGuid = {4066AFCA-821D-4324-94B6-235E63651B94}
	EndGlobalSection
EndGlobal
